
Microsoft Visual Studio Solution File, Format Version 12.00
# Visual Studio 15
VisualStudioVersion = 15.0.26430.12
MinimumVisualStudioVersion = 10.0.40219.1
Project("{9A19103F-16F7-4668-BE54-9A1E7A4F7556}") = "InvestmentScore.Spa", "InvestmentScore.Spa.csproj", "{C418732C-DDE1-4E2D-94F6-1E6197C9843B}"
EndProject
Project("{00D1A9C2-B5F0-4AF3-8072-F6C62B433612}") = "InvestmentScore.Database", "..\InvestmentScore.Database\InvestmentScore.Database.sqlproj", "{5EBA4EFD-5CBB-41D7-86F1-AFDFF7A87418}"
EndProject
Global
	GlobalSection(SolutionConfigurationPlatforms) = preSolution
		Debug|Any CPU = Debug|Any CPU
		Release|Any CPU = Release|Any CPU
	EndGlobalSection
	GlobalSection(ProjectConfigurationPlatforms) = postSolution
		{C418732C-DDE1-4E2D-94F6-1E6197C9843B}.Debug|Any CPU.ActiveCfg = Debug|Any CPU
		{C418732C-DDE1-4E2D-94F6-1E6197C9843B}.Debug|Any CPU.Build.0 = Debug|Any CPU
		{C418732C-DDE1-4E2D-94F6-1E6197C9843B}.Release|Any CPU.ActiveCfg = Release|Any CPU
		{C418732C-DDE1-4E2D-94F6-1E6197C9843B}.Release|Any CPU.Build.0 = Release|Any CPU
		{5EBA4EFD-5CBB-41D7-86F1-AFDFF7A87418}.Debug|Any CPU.ActiveCfg = Debug|Any CPU
		{5EBA4EFD-5CBB-41D7-86F1-AFDFF7A87418}.Debug|Any CPU.Build.0 = Debug|Any CPU
		{5EBA4EFD-5CBB-41D7-86F1-AFDFF7A87418}.Debug|Any CPU.Deploy.0 = Debug|Any CPU
		{5EBA4EFD-5CBB-41D7-86F1-AFDFF7A87418}.Release|Any CPU.ActiveCfg = Release|Any CPU
		{5EBA4EFD-5CBB-41D7-86F1-AFDFF7A87418}.Release|Any CPU.Build.0 = Release|Any CPU
		{5EBA4EFD-5CBB-41D7-86F1-AFDFF7A87418}.Release|Any CPU.Deploy.0 = Release|Any CPU
	EndGlobalSection
	GlobalSection(SolutionProperties) = preSolution
		HideSolutionNode = FALSE
	EndGlobalSection
	GlobalSection(TeamFoundationVersionControl) = preSolution
		SccNumberOfProjects = 3
		SccEnterpriseProvider = {4CA58AB2-18FA-4F8D-95D4-32DDF27D184C}
		SccTeamFoundationServer = http://devtfswebv01:8080/tfs/defaultcollection2012
		SccLocalPath0 = .
		SccProjectUniqueName1 = InvestmentScore.Spa.csproj
		SccLocalPath1 = .
		SccProjectUniqueName2 = ..\\InvestmentScore.Database\\InvestmentScore.Database.sqlproj
		SccProjectName2 = ../InvestmentScore.Database
		SccLocalPath2 = ..\\InvestmentScore.Database
	EndGlobalSection
EndGlobal
