
Microsoft Visual Studio Solution File, Format Version 12.00
# Visual Studio 15
VisualStudioVersion = 15.0.26430.15
MinimumVisualStudioVersion = 10.0.40219.1
Project("{FAE04EC0-301F-11D3-BF4B-00C04F79EFBC}") = "Scheduler", "Scheduler\Scheduler.csproj", "{9F901C6D-CDBF-4C05-8A5D-EF5FC4A77A81}"
EndProject
Project("{00D1A9C2-B5F0-4AF3-8072-F6C62B433612}") = "LeadershipEngagementPlan.Database", "LeadershipEngagementPlan.Database\LeadershipEngagementPlan.Database.sqlproj", "{B88037BF-9A90-452B-BB49-E30DE1F70312}"
EndProject
Project("{FAE04EC0-301F-11D3-BF4B-00C04F79EFBC}") = "Scheduler.Tests", "Scheduler.Tests\Scheduler.Tests.csproj", "{DB07C2DB-6EF8-46EC-841F-2D3AF5B548A3}"
EndProject
Global
	GlobalSection(SolutionConfigurationPlatforms) = preSolution
		Debug|Any CPU = Debug|Any CPU
		Release|Any CPU = Release|Any CPU
	EndGlobalSection
	GlobalSection(ProjectConfigurationPlatforms) = postSolution
		{9F901C6D-CDBF-4C05-8A5D-EF5FC4A77A81}.Debug|Any CPU.ActiveCfg = Debug|Any CPU
		{9F901C6D-CDBF-4C05-8A5D-EF5FC4A77A81}.Debug|Any CPU.Build.0 = Debug|Any CPU
		{9F901C6D-CDBF-4C05-8A5D-EF5FC4A77A81}.Release|Any CPU.ActiveCfg = Release|Any CPU
		{9F901C6D-CDBF-4C05-8A5D-EF5FC4A77A81}.Release|Any CPU.Build.0 = Release|Any CPU
		{B88037BF-9A90-452B-BB49-E30DE1F70312}.Debug|Any CPU.ActiveCfg = Debug|Any CPU
		{B88037BF-9A90-452B-BB49-E30DE1F70312}.Debug|Any CPU.Deploy.0 = Debug|Any CPU
		{B88037BF-9A90-452B-BB49-E30DE1F70312}.Release|Any CPU.ActiveCfg = Release|Any CPU
		{B88037BF-9A90-452B-BB49-E30DE1F70312}.Release|Any CPU.Build.0 = Release|Any CPU
		{B88037BF-9A90-452B-BB49-E30DE1F70312}.Release|Any CPU.Deploy.0 = Release|Any CPU
		{DB07C2DB-6EF8-46EC-841F-2D3AF5B548A3}.Debug|Any CPU.ActiveCfg = Debug|Any CPU
		{DB07C2DB-6EF8-46EC-841F-2D3AF5B548A3}.Debug|Any CPU.Build.0 = Debug|Any CPU
		{DB07C2DB-6EF8-46EC-841F-2D3AF5B548A3}.Release|Any CPU.ActiveCfg = Release|Any CPU
		{DB07C2DB-6EF8-46EC-841F-2D3AF5B548A3}.Release|Any CPU.Build.0 = Release|Any CPU
	EndGlobalSection
	GlobalSection(SolutionProperties) = preSolution
		HideSolutionNode = FALSE
	EndGlobalSection
	GlobalSection(ExtensibilityGlobals) = postSolution
		SolutionGuid = {CA7C6B16-3287-4145-895B-543F47DF0A24}
	EndGlobalSection
	GlobalSection(TeamFoundationVersionControl) = preSolution
		SccNumberOfProjects = 4
		SccEnterpriseProvider = {4CA58AB2-18FA-4F8D-95D4-32DDF27D184C}
		SccTeamFoundationServer = http://devtfswebv01:8080/tfs/defaultcollection2012
		SccLocalPath0 = .
		SccProjectUniqueName1 = Scheduler\\Scheduler.csproj
		SccProjectName1 = Scheduler
		SccLocalPath1 = Scheduler
		SccProjectUniqueName2 = LeadershipEngagementPlan.Database\\LeadershipEngagementPlan.Database.sqlproj
		SccProjectName2 = LeadershipEngagementPlan.Database
		SccLocalPath2 = LeadershipEngagementPlan.Database
		SccProjectUniqueName3 = Scheduler.Tests\\Scheduler.Tests.csproj
		SccProjectName3 = Scheduler.Tests
		SccLocalPath3 = Scheduler.Tests
	EndGlobalSection
EndGlobal
